
Microsoft Visual Studio Solution File, Format Version 12.00
# Visual Studio Version 17
VisualStudioVersion = 17.0.32014.148
MinimumVisualStudioVersion = 10.0.40219.1
Project("{9A19103F-16F7-4668-BE54-9A1E7A4F7556}") = "SwapData", "SwapData\SwapData.csproj", "{008909F2-C0D5-4FDC-A67E-A2EAA8DEA0E2}"
EndProject
Project("{9A19103F-16F7-4668-BE54-9A1E7A4F7556}") = "SwapDataUCtr", "SwapDataUCtr\SwapDataUCtr.csproj", "{B9A6E853-4EBC-4A86-BFA6-E9342CB499CA}"
EndProject
Project("{FAE04EC0-301F-11D3-BF4B-00C04F79EFBC}") = "MLib", "..\MLib\MLib\MLib.csproj", "{0B37DC5B-4916-4D83-874E-35FB1F26FB7C}"
EndProject
Project("{2150E333-8FDC-42A3-9474-1A3956D46DE8}") = "Solution Items", "Solution Items", "{FCB5ACC4-897D-4879-B2DF-320ABF9EF28B}"
	ProjectSection(SolutionItems) = preProject
		.editorconfig = .editorconfig
	EndProjectSection
EndProject
Global
	GlobalSection(SolutionConfigurationPlatforms) = preSolution
		Debug|Any CPU = Debug|Any CPU
		Release|Any CPU = Release|Any CPU
	EndGlobalSection
	GlobalSection(ProjectConfigurationPlatforms) = postSolution
		{008909F2-C0D5-4FDC-A67E-A2EAA8DEA0E2}.Debug|Any CPU.ActiveCfg = Debug|Any CPU
		{008909F2-C0D5-4FDC-A67E-A2EAA8DEA0E2}.Debug|Any CPU.Build.0 = Debug|Any CPU
		{008909F2-C0D5-4FDC-A67E-A2EAA8DEA0E2}.Release|Any CPU.ActiveCfg = Release|Any CPU
		{008909F2-C0D5-4FDC-A67E-A2EAA8DEA0E2}.Release|Any CPU.Build.0 = Release|Any CPU
		{B9A6E853-4EBC-4A86-BFA6-E9342CB499CA}.Debug|Any CPU.ActiveCfg = Debug|Any CPU
		{B9A6E853-4EBC-4A86-BFA6-E9342CB499CA}.Debug|Any CPU.Build.0 = Debug|Any CPU
		{B9A6E853-4EBC-4A86-BFA6-E9342CB499CA}.Release|Any CPU.ActiveCfg = Release|Any CPU
		{B9A6E853-4EBC-4A86-BFA6-E9342CB499CA}.Release|Any CPU.Build.0 = Release|Any CPU
		{0B37DC5B-4916-4D83-874E-35FB1F26FB7C}.Debug|Any CPU.ActiveCfg = Debug|Any CPU
		{0B37DC5B-4916-4D83-874E-35FB1F26FB7C}.Debug|Any CPU.Build.0 = Debug|Any CPU
		{0B37DC5B-4916-4D83-874E-35FB1F26FB7C}.Release|Any CPU.ActiveCfg = Release|Any CPU
		{0B37DC5B-4916-4D83-874E-35FB1F26FB7C}.Release|Any CPU.Build.0 = Release|Any CPU
	EndGlobalSection
	GlobalSection(SolutionProperties) = preSolution
		HideSolutionNode = FALSE
	EndGlobalSection
	GlobalSection(ExtensibilityGlobals) = postSolution
		SolutionGuid = {28B04DED-5C8E-430C-833D-DBC38C84D80D}
	EndGlobalSection
EndGlobal
